// !$*UTF8*$!
{
	archiveVersion = 1;
	classes = {
	};
	objectVersion = 46;
	objects = {

/* Begin PBXBuildFile section */
		36C312FC1A0899CB00E58C00 /* main.m in Sources */ = {isa = PBXBuildFile; fileRef = 36C312FB1A0899CB00E58C00 /* main.m */; };
		36C312FF1A0899CB00E58C00 /* AppDelegate.m in Sources */ = {isa = PBXBuildFile; fileRef = 36C312FE1A0899CB00E58C00 /* AppDelegate.m */; };
		36C313021A0899CB00E58C00 /* ViewController.m in Sources */ = {isa = PBXBuildFile; fileRef = 36C313011A0899CB00E58C00 /* ViewController.m */; };
		36C313051A0899CB00E58C00 /* Main.storyboard in Resources */ = {isa = PBXBuildFile; fileRef = 36C313031A0899CB00E58C00 /* Main.storyboard */; };
		36C313071A0899CB00E58C00 /* Images.xcassets in Resources */ = {isa = PBXBuildFile; fileRef = 36C313061A0899CB00E58C00 /* Images.xcassets */; };
		36C3130A1A0899CB00E58C00 /* LaunchScreen.xib in Resources */ = {isa = PBXBuildFile; fileRef = 36C313081A0899CB00E58C00 /* LaunchScreen.xib */; };
		36C313161A0899CB00E58C00 /* FontFamliyTests.m in Sources */ = {isa = PBXBuildFile; fileRef = 36C313151A0899CB00E58C00 /* FontFamliyTests.m */; };
/* End PBXBuildFile section */

/* Begin PBXContainerItemProxy section */
		36C313101A0899CB00E58C00 /* PBXContainerItemProxy */ = {
			isa = PBXContainerItemProxy;
			containerPortal = 36C312EE1A0899CB00E58C00 /* Project object */;
			proxyType = 1;
			remoteGlobalIDString = 36C312F51A0899CB00E58C00;
			remoteInfo = FontFamliy;
		};
/* End PBXContainerItemProxy section */

/* Begin PBXFileReference section */
		36C312F61A0899CB00E58C00 /* FontFamliy.app */ = {isa = PBXFileReference; explicitFileType = wrapper.application; includeInIndex = 0; path = FontFamliy.app; sourceTree = BUILT_PRODUCTS_DIR; };
		36C312FA1A0899CB00E58C00 /* Info.plist */ = {isa = PBXFileReference; lastKnownFileType = text.plist.xml; path = Info.plist; sourceTree = "<group>"; };
		36C312FB1A0899CB00E58C00 /* main.m */ = {isa = PBXFileReference; lastKnownFileType = sourcecode.c.objc; path = main.m; sourceTree = "<group>"; };
		36C312FD1A0899CB00E58C00 /* AppDelegate.h */ = {isa = PBXFileReference; lastKnownFileType = sourcecode.c.h; path = AppDelegate.h; sourceTree = "<group>"; };
		36C312FE1A0899CB00E58C00 /* AppDelegate.m */ = {isa = PBXFileReference; lastKnownFileType = sourcecode.c.objc; path = AppDelegate.m; sourceTree = "<group>"; };
		36C313001A0899CB00E58C00 /* ViewController.h */ = {isa = PBXFileReference; lastKnownFileType = sourcecode.c.h; path = ViewController.h; sourceTree = "<group>"; };
		36C313011A0899CB00E58C00 /* ViewController.m */ = {isa = PBXFileReference; lastKnownFileType = sourcecode.c.objc; path = ViewController.m; sourceTree = "<group>"; };
		36C313041A0899CB00E58C00 /* Base */ = {isa = PBXFileReference; lastKnownFileType = file.storyboard; name = Base; path = Base.lproj/Main.storyboard; sourceTree = "<group>"; };
		36C313061A0899CB00E58C00 /* Images.xcassets */ = {isa = PBXFileReference; lastKnownFileType = folder.assetcatalog; path = Images.xcassets; sourceTree = "<group>"; };
		36C313091A0899CB00E58C00 /* Base */ = {isa = PBXFileReference; lastKnownFileType = file.xib; name = Base; path = Base.lproj/LaunchScreen.xib; sourceTree = "<group>"; };
		36C3130F1A0899CB00E58C00 /* FontFamliyTests.xctest */ = {isa = PBXFileReference; explicitFileType = wrapper.cfbundle; includeInIndex = 0; path = FontFamliyTests.xctest; sourceTree = BUILT_PRODUCTS_DIR; };
		36C313141A0899CB00E58C00 /* Info.plist */ = {isa = PBXFileReference; lastKnownFileType = text.plist.xml; path = Info.plist; sourceTree = "<group>"; };
		36C313151A0899CB00E58C00 /* FontFamliyTests.m */ = {isa = PBXFileReference; lastKnownFileType = sourcecode.c.objc; path = FontFamliyTests.m; sourceTree = "<group>"; };
/* End PBXFileReference section */

/* Begin PBXFrameworksBuildPhase section */
		36C312F31A0899CB00E58C00 /* Frameworks */ = {
			isa = PBXFrameworksBuildPhase;
			buildActionMask = 2147483647;
			files = (
			);
			runOnlyForDeploymentPostprocessing = 0;
		};
		36C3130C1A0899CB00E58C00 /* Frameworks */ = {
			isa = PBXFrameworksBuildPhase;
			buildActionMask = 2147483647;
			files = (
			);
			runOnlyForDeploymentPostprocessing = 0;
		};
/* End PBXFrameworksBuildPhase section */

/* Begin PBXGroup section */
		36C312ED1A0899CB00E58C00 = {
			isa = PBXGroup;
			children = (
				36C312F81A0899CB00E58C00 /* FontFamliy */,
				36C313121A0899CB00E58C00 /* FontFamliyTests */,
				36C312F71A0899CB00E58C00 /* Products */,
			);
			sourceTree = "<group>";
		};
		36C312F71A0899CB00E58C00 /* Products */ = {
			isa = PBXGroup;
			children = (
				36C312F61A0899CB00E58C00 /* FontFamliy.app */,
				36C3130F1A0899CB00E58C00 /* FontFamliyTests.xctest */,
			);
			name = Products;
			sourceTree = "<group>";
		};
		36C312F81A0899CB00E58C00 /* FontFamliy */ = {
			isa = PBXGroup;
			children = (
				36C312FD1A0899CB00E58C00 /* AppDelegate.h */,
				36C312FE1A0899CB00E58C00 /* AppDelegate.m */,
				36C313001A0899CB00E58C00 /* ViewController.h */,
				36C313011A0899CB00E58C00 /* ViewController.m */,
				36C313031A0899CB00E58C00 /* Main.storyboard */,
				36C313061A0899CB00E58C00 /* Images.xcassets */,
				36C313081A0899CB00E58C00 /* LaunchScreen.xib */,
				36C312F91A0899CB00E58C00 /* Supporting Files */,
			);
			path = FontFamliy;
			sourceTree = "<group>";
		};
		36C312F91A0899CB00E58C00 /* Supporting Files */ = {
			isa = PBXGroup;
			children = (
				36C312FA1A0899CB00E58C00 /* Info.plist */,
				36C312FB1A0899CB00E58C00 /* main.m */,
			);
			name = "Supporting Files";
			sourceTree = "<group>";
		};
		36C313121A0899CB00E58C00 /* FontFamliyTests */ = {
			isa = PBXGroup;
			children = (
				36C313151A0899CB00E58C00 /* FontFamliyTests.m */,
				36C313131A0899CB00E58C00 /* Supporting Files */,
			);
			path = FontFamliyTests;
			sourceTree = "<group>";
		};
		36C313131A0899CB00E58C00 /* Supporting Files */ = {
			isa = PBXGroup;
			children = (
				36C313141A0899CB00E58C00 /* Info.plist */,
			);
			name = "Supporting Files";
			sourceTree = "<group>";
		};
/* End PBXGroup section */

/* Begin PBXNativeTarget section */
		36C312F51A0899CB00E58C00 /* FontFamliy */ = {
			isa = PBXNativeTarget;
			buildConfigurationList = 36C313191A0899CB00E58C00 /* Build configuration list for PBXNativeTarget "FontFamliy" */;
			buildPhases = (
				36C312F21A0899CB00E58C00 /* Sources */,
				36C312F31A0899CB00E58C00 /* Frameworks */,
				36C312F41A0899CB00E58C00 /* Resources */,
			);
			buildRules = (
			);
			dependencies = (
			);
			name = FontFamliy;
			productName = FontFamliy;
			productReference = 36C312F61A0899CB00E58C00 /* FontFamliy.app */;
			productType = "com.apple.product-type.application";
		};
		36C3130E1A0899CB00E58C00 /* FontFamliyTests */ = {
			isa = PBXNativeTarget;
			buildConfigurationList = 36C3131C1A0899CB00E58C00 /* Build configuration list for PBXNativeTarget "FontFamliyTests" */;
			buildPhases = (
				36C3130B1A0899CB00E58C00 /* Sources */,
				36C3130C1A0899CB00E58C00 /* Frameworks */,
				36C3130D1A0899CB00E58C00 /* Resources */,
			);
			buildRules = (
			);
			dependencies = (
				36C313111A0899CB00E58C00 /* PBXTargetDependency */,
			);
			name = FontFamliyTests;
			productName = FontFamliyTests;
			productReference = 36C3130F1A0899CB00E58C00 /* FontFamliyTests.xctest */;
			productType = "com.apple.product-type.bundle.unit-test";
		};
/* End PBXNativeTarget section */

/* Begin PBXProject section */
		36C312EE1A0899CB00E58C00 /* Project object */ = {
			isa = PBXProject;
			attributes = {
				LastUpgradeCheck = 0610;
				ORGANIZATIONNAME = "统领得一网络科技（上海）有限公司";
				TargetAttributes = {
					36C312F51A0899CB00E58C00 = {
						CreatedOnToolsVersion = 6.1;
					};
					36C3130E1A0899CB00E58C00 = {
						CreatedOnToolsVersion = 6.1;
						TestTargetID = 36C312F51A0899CB00E58C00;
					};
				};
			};
			buildConfigurationList = 36C312F11A0899CB00E58C00 /* Build configuration list for PBXProject "FontFamliy" */;
			compatibilityVersion = "Xcode 3.2";
			developmentRegion = English;
			hasScannedForEncodings = 0;
			knownRegions = (
				en,
				Base,
			);
			mainGroup = 36C312ED1A0899CB00E58C00;
			productRefGroup = 36C312F71A0899CB00E58C00 /* Products */;
			projectDirPath = "";
			projectRoot = "";
			targets = (
				36C312F51A0899CB00E58C00 /* FontFamliy */,
				36C3130E1A0899CB00E58C00 /* FontFamliyTests */,
			);
		};
/* End PBXProject section */

/* Begin PBXResourcesBuildPhase section */
		36C312F41A0899CB00E58C00 /* Resources */ = {
			isa = PBXResourcesBuildPhase;
			buildActionMask = 2147483647;
			files = (
				36C313051A0899CB00E58C00 /* Main.storyboard in Resources */,
				36C3130A1A0899CB00E58C00 /* LaunchScreen.xib in Resources */,
				36C313071A0899CB00E58C00 /* Images.xcassets in Resources */,
			);
			runOnlyForDeploymentPostprocessing = 0;
		};
		36C3130D1A0899CB00E58C00 /* Resources */ = {
			isa = PBXResourcesBuildPhase;
			buildActionMask = 2147483647;
			files = (
			);
			runOnlyForDeploymentPostprocessing = 0;
		};
/* End PBXResourcesBuildPhase section */

/* Begin PBXSourcesBuildPhase section */
		36C312F21A0899CB00E58C00 /* Sources */ = {
			isa = PBXSourcesBuildPhase;
			buildActionMask = 2147483647;
			files = (
				36C313021A0899CB00E58C00 /* ViewController.m in Sources */,
				36C312FF1A0899CB00E58C00 /* AppDelegate.m in Sources */,
				36C312FC1A0899CB00E58C00 /* main.m in Sources */,
			);
			runOnlyForDeploymentPostprocessing = 0;
		};
		36C3130B1A0899CB00E58C00 /* Sources */ = {
			isa = PBXSourcesBuildPhase;
			buildActionMask = 2147483647;
			files = (
				36C313161A0899CB00E58C00 /* FontFamliyTests.m in Sources */,
			);
			runOnlyForDeploymentPostprocessing = 0;
		};
/* End PBXSourcesBuildPhase section */

/* Begin PBXTargetDependency section */
		36C313111A0899CB00E58C00 /* PBXTargetDependency */ = {
			isa = PBXTargetDependency;
			target = 36C312F51A0899CB00E58C00 /* FontFamliy */;
			targetProxy = 36C313101A0899CB00E58C00 /* PBXContainerItemProxy */;
		};
/* End PBXTargetDependency section */

/* Begin PBXVariantGroup section */
		36C313031A0899CB00E58C00 /* Main.storyboard */ = {
			isa = PBXVariantGroup;
			children = (
				36C313041A0899CB00E58C00 /* Base */,
			);
			name = Main.storyboard;
			sourceTree = "<group>";
		};
		36C313081A0899CB00E58C00 /* LaunchScreen.xib */ = {
			isa = PBXVariantGroup;
			children = (
				36C313091A0899CB00E58C00 /* Base */,
			);
			name = LaunchScreen.xib;
			sourceTree = "<group>";
		};
/* End PBXVariantGroup section */

/* Begin XCBuildConfiguration section */
		36C313171A0899CB00E58C00 /* Debug */ = {
			isa = XCBuildConfiguration;
			buildSettings = {
				ALWAYS_SEARCH_USER_PATHS = NO;
				CLANG_CXX_LANGUAGE_STANDARD = "gnu++0x";
				CLANG_CXX_LIBRARY = "libc++";
				CLANG_ENABLE_MODULES = YES;
				CLANG_ENABLE_OBJC_ARC = YES;
				CLANG_WARN_BOOL_CONVERSION = YES;
				CLANG_WARN_CONSTANT_CONVERSION = YES;
				CLANG_WARN_DIRECT_OBJC_ISA_USAGE = YES_ERROR;
				CLANG_WARN_EMPTY_BODY = YES;
				CLANG_WARN_ENUM_CONVERSION = YES;
				CLANG_WARN_INT_CONVERSION = YES;
				CLANG_WARN_OBJC_ROOT_CLASS = YES_ERROR;
				CLANG_WARN_UNREACHABLE_CODE = YES;
				CLANG_WARN__DUPLICATE_METHOD_MATCH = YES;
				"CODE_SIGN_IDENTITY[sdk=iphoneos*]" = "iPhone Developer";
				COPY_PHASE_STRIP = NO;
				ENABLE_STRICT_OBJC_MSGSEND = YES;
				GCC_C_LANGUAGE_STANDARD = gnu99;
				GCC_DYNAMIC_NO_PIC = NO;
				GCC_OPTIMIZATION_LEVEL = 0;
				GCC_PREPROCESSOR_DEFINITIONS = (
					"DEBUG=1",
					"$(inherited)",
				);
				GCC_SYMBOLS_PRIVATE_EXTERN = NO;
				GCC_WARN_64_TO_32_BIT_CONVERSION = YES;
				GCC_WARN_ABOUT_RETURN_TYPE = YES_ERROR;
				GCC_WARN_UNDECLARED_SELECTOR = YES;
				GCC_WARN_UNINITIALIZED_AUTOS = YES_AGGRESSIVE;
				GCC_WARN_UNUSED_FUNCTION = YES;
				GCC_WARN_UNUSED_VARIABLE = YES;
				IPHONEOS_DEPLOYMENT_TARGET = 8.1;
				MTL_ENABLE_DEBUG_INFO = YES;
				ONLY_ACTIVE_ARCH = YES;
				SDKROOT = iphoneos;
				TARGETED_DEVICE_FAMILY = "1,2";
			};
			name = Debug;
		};
		36C313181A0899CB00E58C00 /* Release */ = {
			isa = XCBuildConfiguration;
			buildSettings = {
				ALWAYS_SEARCH_USER_PATHS = NO;
				CLANG_CXX_LANGUAGE_STANDARD = "gnu++0x";
				CLANG_CXX_LIBRARY = "libc++";
				CLANG_ENABLE_MODULES = YES;
				CLANG_ENABLE_OBJC_ARC = YES;
				CLANG_WARN_BOOL_CONVERSION = YES;
				CLANG_WARN_CONSTANT_CONVERSION = YES;
				CLANG_WARN_DIRECT_OBJC_ISA_USAGE = YES_ERROR;
				CLANG_WARN_EMPTY_BODY = YES;
				CLANG_WARN_ENUM_CONVERSION = YES;
				CLANG_WARN_INT_CONVERSION = YES;
				CLANG_WARN_OBJC_ROOT_CLASS = YES_ERROR;
				CLANG_WARN_UNREACHABLE_CODE = YES;
				CLANG_WARN__DUPLICATE_METHOD_MATCH = YES;
				"CODE_SIGN_IDENTITY[sdk=iphoneos*]" = "iPhone Developer";
				COPY_PHASE_STRIP = YES;
				ENABLE_NS_ASSERTIONS = NO;
				ENABLE_STRICT_OBJC_MSGSEND = YES;
				GCC_C_LANGUAGE_STANDARD = gnu99;
				GCC_WARN_64_TO_32_BIT_CONVERSION = YES;
				GCC_WARN_ABOUT_RETURN_TYPE = YES_ERROR;
				GCC_WARN_UNDECLARED_SELECTOR = YES;
				GCC_WARN_UNINITIALIZED_AUTOS = YES_AGGRESSIVE;
				GCC_WARN_UNUSED_FUNCTION = YES;
				GCC_WARN_UNUSED_VARIABLE = YES;
				IPHONEOS_DEPLOYMENT_TARGET = 8.1;
				MTL_ENABLE_DEBUG_INFO = NO;
				SDKROOT = iphoneos;
				TARGETED_DEVICE_FAMILY = "1,2";
				VALIDATE_PRODUCT = YES;
			};
			name = Release;
		};
		36C3131A1A0899CB00E58C00 /* Debug */ = {
			isa = XCBuildConfiguration;
			buildSettings = {
				ASSETCATALOG_COMPILER_APPICON_NAME = AppIcon;
				INFOPLIST_FILE = FontFamliy/Info.plist;
				IPHONEOS_DEPLOYMENT_TARGET = 6.0;
				LD_RUNPATH_SEARCH_PATHS = "$(inherited) @executable_path/Frameworks";
				PRODUCT_NAME = "$(TARGET_NAME)";
			};
			name = Debug;
		};
		36C3131B1A0899CB00E58C00 /* Release */ = {
			isa = XCBuildConfiguration;
			buildSettings = {
				ASSETCATALOG_COMPILER_APPICON_NAME = AppIcon;
				INFOPLIST_FILE = FontFamliy/Info.plist;
				IPHONEOS_DEPLOYMENT_TARGET = 6.0;
				LD_RUNPATH_SEARCH_PATHS = "$(inherited) @executable_path/Frameworks";
				PRODUCT_NAME = "$(TARGET_NAME)";
			};
			name = Release;
		};
		36C3131D1A0899CB00E58C00 /* Debug */ = {
			isa = XCBuildConfiguration;
			buildSettings = {
				BUNDLE_LOADER = "$(TEST_HOST)";
				FRAMEWORK_SEARCH_PATHS = (
					"$(SDKROOT)/Developer/Library/Frameworks",
					"$(inherited)",
				);
				GCC_PREPROCESSOR_DEFINITIONS = (
					"DEBUG=1",
					"$(inherited)",
				);
				INFOPLIST_FILE = FontFamliyTests/Info.plist;
				LD_RUNPATH_SEARCH_PATHS = "$(inherited) @executable_path/Frameworks @loader_path/Frameworks";
				PRODUCT_NAME = "$(TARGET_NAME)";
				TEST_HOST = "$(BUILT_PRODUCTS_DIR)/FontFamliy.app/FontFamliy";
			};
			name = Debug;
		};
		36C3131E1A0899CB00E58C00 /* Release */ = {
			isa = XCBuildConfiguration;
			buildSettings = {
				BUNDLE_LOADER = "$(TEST_HOST)";
				FRAMEWORK_SEARCH_PATHS = (
					"$(SDKROOT)/Developer/Library/Frameworks",
					"$(inherited)",
				);
				INFOPLIST_FILE = FontFamliyTests/Info.plist;
				LD_RUNPATH_SEARCH_PATHS = "$(inherited) @executable_path/Frameworks @loader_path/Frameworks";
				PRODUCT_NAME = "$(TARGET_NAME)";
				TEST_HOST = "$(BUILT_PRODUCTS_DIR)/FontFamliy.app/FontFamliy";
			};
			name = Release;
		};
/* End XCBuildConfiguration section */

/* Begin XCConfigurationList section */
		36C312F11A0899CB00E58C00 /* Build configuration list for PBXProject "FontFamliy" */ = {
			isa = XCConfigurationList;
			buildConfigurations = (
				36C313171A0899CB00E58C00 /* Debug */,
				36C313181A0899CB00E58C00 /* Release */,
			);
			defaultConfigurationIsVisible = 0;
			defaultConfigurationName = Release;
		};
		36C313191A0899CB00E58C00 /* Build configuration list for PBXNativeTarget "FontFamliy" */ = {
			isa = XCConfigurationList;
			buildConfigurations = (
				36C3131A1A0899CB00E58C00 /* Debug */,
				36C3131B1A0899CB00E58C00 /* Release */,
			);
			defaultConfigurationIsVisible = 0;
		};
		36C3131C1A0899CB00E58C00 /* Build configuration list for PBXNativeTarget "FontFamliyTests" */ = {
			isa = XCConfigurationList;
			buildConfigurations = (
				36C3131D1A0899CB00E58C00 /* Debug */,
				36C3131E1A0899CB00E58C00 /* Release */,
			);
			defaultConfigurationIsVisible = 0;
		};
/* End XCConfigurationList section */
	};
	rootObject = 36C312EE1A0899CB00E58C00 /* Project object */;
}
